
Microsoft Visual Studio Solution File, Format Version 12.00
# Visual Studio 15
VisualStudioVersion = 15.0.27205.2004
MinimumVisualStudioVersion = 10.0.40219.1
Project("{FAE04EC0-301F-11D3-BF4B-00C04F79EFBC}") = "MyAnimeListApiConsumer", "MyAnimeListApiConsumer\MyAnimeListApiConsumer.csproj", "{8C10DD81-9077-4FB2-84CF-12C03BAB85D8}"
EndProject
Global
	GlobalSection(SolutionConfigurationPlatforms) = preSolution
		Debug|Any CPU = Debug|Any CPU
		Release|Any CPU = Release|Any CPU
	EndGlobalSection
	GlobalSection(ProjectConfigurationPlatforms) = postSolution
		{8C10DD81-9077-4FB2-84CF-12C03BAB85D8}.Debug|Any CPU.ActiveCfg = Debug|Any CPU
		{8C10DD81-9077-4FB2-84CF-12C03BAB85D8}.Debug|Any CPU.Build.0 = Debug|Any CPU
		{8C10DD81-9077-4FB2-84CF-12C03BAB85D8}.Release|Any CPU.ActiveCfg = Release|Any CPU
		{8C10DD81-9077-4FB2-84CF-12C03BAB85D8}.Release|Any CPU.Build.0 = Release|Any CPU
	EndGlobalSection
	GlobalSection(SolutionProperties) = preSolution
		HideSolutionNode = FALSE
	EndGlobalSection
	GlobalSection(ExtensibilityGlobals) = postSolution
		SolutionGuid = {9432E69F-75CF-4322-B324-108843BC68AD}
	EndGlobalSection
EndGlobal
